// !$*UTF8*$!
{
	archiveVersion = 1;
	classes = {
	};
	objectVersion = 46;
	objects = {

/* Begin PBXBuildFile section */
		5CF3C105142556250009FE9F /* Foursquare2.m in Sources */ = {isa = PBXBuildFile; fileRef = 5CF3C0C7142556250009FE9F /* Foursquare2.m */; };
		5CF3C106142556250009FE9F /* FoursquareCheckinList.m in Sources */ = {isa = PBXBuildFile; fileRef = 5CF3C0C9142556250009FE9F /* FoursquareCheckinList.m */; };
		5CF3C107142556250009FE9F /* FoursquareListDialog.m in Sources */ = {isa = PBXBuildFile; fileRef = 5CF3C0CB142556250009FE9F /* FoursquareListDialog.m */; };
		5CF3C108142556250009FE9F /* FoursquareShoutList.m in Sources */ = {isa = PBXBuildFile; fileRef = 5CF3C0CD142556250009FE9F /* FoursquareShoutList.m */; };
		5CF3C109142556250009FE9F /* FoursquareWebLogin.m in Sources */ = {isa = PBXBuildFile; fileRef = 5CF3C0CF142556250009FE9F /* FoursquareWebLogin.m */; };
		5CF3C10A142556250009FE9F /* FSRoundedRectView.m in Sources */ = {isa = PBXBuildFile; fileRef = 5CF3C0D1142556250009FE9F /* FSRoundedRectView.m */; };
		5CF3C10B142556250009FE9F /* GlossyButton.m in Sources */ = {isa = PBXBuildFile; fileRef = 5CF3C0D3142556250009FE9F /* GlossyButton.m */; };
		5CF3C10C142556250009FE9F /* HRRequest+PhotoExt.m in Sources */ = {isa = PBXBuildFile; fileRef = 5CF3C0D6142556250009FE9F /* HRRequest+PhotoExt.m */; };
		5CF3C10D142556250009FE9F /* NSDictionary+ParamUtils.m in Sources */ = {isa = PBXBuildFile; fileRef = 5CF3C0DA142556250009FE9F /* NSDictionary+ParamUtils.m */; };
		5CF3C10E142556250009FE9F /* NSObject+InvocationUtils.m in Sources */ = {isa = PBXBuildFile; fileRef = 5CF3C0DC142556250009FE9F /* NSObject+InvocationUtils.m */; };
		5CF3C10F142556250009FE9F /* NSString+EscapingUtils.m in Sources */ = {isa = PBXBuildFile; fileRef = 5CF3C0DE142556250009FE9F /* NSString+EscapingUtils.m */; };
		5CF3C110142556250009FE9F /* HRFormatJSON.m in Sources */ = {isa = PBXBuildFile; fileRef = 5CF3C0E1142556250009FE9F /* HRFormatJSON.m */; };
		5CF3C111142556250009FE9F /* HRGlobal.m in Sources */ = {isa = PBXBuildFile; fileRef = 5CF3C0E4142556250009FE9F /* HRGlobal.m */; };
		5CF3C112142556250009FE9F /* HROperationQueue.m in Sources */ = {isa = PBXBuildFile; fileRef = 5CF3C0E6142556250009FE9F /* HROperationQueue.m */; };
		5CF3C113142556250009FE9F /* HRRequestOperation.m in Sources */ = {isa = PBXBuildFile; fileRef = 5CF3C0E8142556250009FE9F /* HRRequestOperation.m */; };
		5CF3C114142556250009FE9F /* HRRestModel.m in Sources */ = {isa = PBXBuildFile; fileRef = 5CF3C0EB142556250009FE9F /* HRRestModel.m */; };
		5CF3C115142556250009FE9F /* HRBase64.m in Sources */ = {isa = PBXBuildFile; fileRef = 5CF3C0F0142556250009FE9F /* HRBase64.m */; };
		5CF3C116142556250009FE9F /* CREDITS in Resources */ = {isa = PBXBuildFile; fileRef = 5CF3C0F4142556250009FE9F /* CREDITS */; };
		5CF3C117142556250009FE9F /* NSObject+SBJSON.m in Sources */ = {isa = PBXBuildFile; fileRef = 5CF3C0F7142556250009FE9F /* NSObject+SBJSON.m */; };
		5CF3C118142556250009FE9F /* NSString+SBJSON.m in Sources */ = {isa = PBXBuildFile; fileRef = 5CF3C0F9142556250009FE9F /* NSString+SBJSON.m */; };
		5CF3C119142556250009FE9F /* SBJSON.m in Sources */ = {isa = PBXBuildFile; fileRef = 5CF3C0FB142556250009FE9F /* SBJSON.m */; };
		5CF3C11A142556250009FE9F /* SBJsonBase.m in Sources */ = {isa = PBXBuildFile; fileRef = 5CF3C0FD142556250009FE9F /* SBJsonBase.m */; };
		5CF3C11B142556250009FE9F /* SBJsonParser.m in Sources */ = {isa = PBXBuildFile; fileRef = 5CF3C0FF142556250009FE9F /* SBJsonParser.m */; };
		5CF3C11C142556250009FE9F /* SBJsonWriter.m in Sources */ = {isa = PBXBuildFile; fileRef = 5CF3C101142556250009FE9F /* SBJsonWriter.m */; };
		5CF3C11D142556250009FE9F /* PhotoFormatter.m in Sources */ = {isa = PBXBuildFile; fileRef = 5CF3C104142556250009FE9F /* PhotoFormatter.m */; };
		5CF3C120142556550009FE9F /* CoreLocation.framework in Frameworks */ = {isa = PBXBuildFile; fileRef = 5CF3C11F142556550009FE9F /* CoreLocation.framework */; };
		5CF3C124142556AF0009FE9F /* FoursquareConfig.plist in Resources */ = {isa = PBXBuildFile; fileRef = 5CF3C121142556AF0009FE9F /* FoursquareConfig.plist */; };
		5CF3C125142556AF0009FE9F /* PlayerStatus.m in Sources */ = {isa = PBXBuildFile; fileRef = 5CF3C123142556AF0009FE9F /* PlayerStatus.m */; };
		D621A3C1142531D0002B9294 /* StatusViewController.m in Sources */ = {isa = PBXBuildFile; fileRef = D621A3BF142531D0002B9294 /* StatusViewController.m */; };
		D621A3C2142531D0002B9294 /* StatusViewController.xib in Resources */ = {isa = PBXBuildFile; fileRef = D621A3C0142531D0002B9294 /* StatusViewController.xib */; };
		D6A409AA1425198900F05553 /* UIKit.framework in Frameworks */ = {isa = PBXBuildFile; fileRef = D6A409A91425198900F05553 /* UIKit.framework */; };
		D6A409AC1425198900F05553 /* Foundation.framework in Frameworks */ = {isa = PBXBuildFile; fileRef = D6A409AB1425198900F05553 /* Foundation.framework */; };
		D6A409AE1425198900F05553 /* CoreGraphics.framework in Frameworks */ = {isa = PBXBuildFile; fileRef = D6A409AD1425198900F05553 /* CoreGraphics.framework */; };
		D6A409B41425198900F05553 /* InfoPlist.strings in Resources */ = {isa = PBXBuildFile; fileRef = D6A409B21425198900F05553 /* InfoPlist.strings */; };
		D6A409B61425198900F05553 /* main.m in Sources */ = {isa = PBXBuildFile; fileRef = D6A409B51425198900F05553 /* main.m */; };
		D6A409BA1425198900F05553 /* HMTEK24AppDelegate.m in Sources */ = {isa = PBXBuildFile; fileRef = D6A409B91425198900F05553 /* HMTEK24AppDelegate.m */; };
		D6A409BD1425198900F05553 /* MainWindow.xib in Resources */ = {isa = PBXBuildFile; fileRef = D6A409BB1425198900F05553 /* MainWindow.xib */; };
		D6A409C01425198900F05553 /* HMTEK24ViewController.m in Sources */ = {isa = PBXBuildFile; fileRef = D6A409BF1425198900F05553 /* HMTEK24ViewController.m */; };
		D6A409C31425198900F05553 /* HMTEK24ViewController.xib in Resources */ = {isa = PBXBuildFile; fileRef = D6A409C11425198900F05553 /* HMTEK24ViewController.xib */; };
		D6BDB9AA142698190052F92A /* Zombie.png in Resources */ = {isa = PBXBuildFile; fileRef = D6BDB9A9142698190052F92A /* Zombie.png */; };
		D6BDB9AE142699890052F92A /* InfoBox_Newspaper.png in Resources */ = {isa = PBXBuildFile; fileRef = D6BDB9AC142699890052F92A /* InfoBox_Newspaper.png */; };
		D6BDB9B11426A4750052F92A /* Icon.png in Resources */ = {isa = PBXBuildFile; fileRef = D6BDB9B01426A4750052F92A /* Icon.png */; };
		D6BDB9B31426A4A20052F92A /* Icon_57x57.png in Resources */ = {isa = PBXBuildFile; fileRef = D6BDB9B21426A4A20052F92A /* Icon_57x57.png */; };
		D6E369771425586700C1D7D1 /* Layer_1_Normal.png in Resources */ = {isa = PBXBuildFile; fileRef = D6E369711425586700C1D7D1 /* Layer_1_Normal.png */; };
		D6E369781425586700C1D7D1 /* Layer_2.png in Resources */ = {isa = PBXBuildFile; fileRef = D6E369721425586700C1D7D1 /* Layer_2.png */; };
		D6E369791425586700C1D7D1 /* Layer_3.png in Resources */ = {isa = PBXBuildFile; fileRef = D6E369731425586700C1D7D1 /* Layer_3.png */; };
		D6E3697A1425586700C1D7D1 /* Layer_4_Zombie.png in Resources */ = {isa = PBXBuildFile; fileRef = D6E369741425586700C1D7D1 /* Layer_4_Zombie.png */; };
		D6E3697B1425586700C1D7D1 /* UI_Human.png in Resources */ = {isa = PBXBuildFile; fileRef = D6E369751425586700C1D7D1 /* UI_Human.png */; };
		D6E3697C1425586700C1D7D1 /* UI_Zombie.png in Resources */ = {isa = PBXBuildFile; fileRef = D6E369761425586700C1D7D1 /* UI_Zombie.png */; };
		D6E3698314255E9A00C1D7D1 /* PRISTINA.TTF in Resources */ = {isa = PBXBuildFile; fileRef = D6E3698214255E9900C1D7D1 /* PRISTINA.TTF */; };
		D6E369931425619A00C1D7D1 /* FontLabel.m in Sources */ = {isa = PBXBuildFile; fileRef = D6E369891425619A00C1D7D1 /* FontLabel.m */; };
		D6E369941425619A00C1D7D1 /* FontLabelStringDrawing.m in Sources */ = {isa = PBXBuildFile; fileRef = D6E3698B1425619A00C1D7D1 /* FontLabelStringDrawing.m */; };
		D6E369951425619A00C1D7D1 /* FontManager.m in Sources */ = {isa = PBXBuildFile; fileRef = D6E3698D1425619A00C1D7D1 /* FontManager.m */; };
		D6E369961425619A00C1D7D1 /* ZAttributedString.m in Sources */ = {isa = PBXBuildFile; fileRef = D6E3698F1425619A00C1D7D1 /* ZAttributedString.m */; };
		D6E369971425619A00C1D7D1 /* ZFont.m in Sources */ = {isa = PBXBuildFile; fileRef = D6E369921425619A00C1D7D1 /* ZFont.m */; };
		D6E3699D1425781D00C1D7D1 /* ButtonZombie_Up.png in Resources */ = {isa = PBXBuildFile; fileRef = D6E369991425781C00C1D7D1 /* ButtonZombie_Up.png */; };
		D6E3699E1425781D00C1D7D1 /* ButtonAlive_Down.png in Resources */ = {isa = PBXBuildFile; fileRef = D6E3699A1425781D00C1D7D1 /* ButtonAlive_Down.png */; };
		D6E3699F1425781D00C1D7D1 /* ButtonAlive_Up.png in Resources */ = {isa = PBXBuildFile; fileRef = D6E3699B1425781D00C1D7D1 /* ButtonAlive_Up.png */; };
		D6E369A1142578CF00C1D7D1 /* ButtonZombie_Down.png in Resources */ = {isa = PBXBuildFile; fileRef = D6E369A0142578CE00C1D7D1 /* ButtonZombie_Down.png */; };
		D6ECFBD51426509500BEC017 /* default_venue_64.png in Resources */ = {isa = PBXBuildFile; fileRef = D6ECFBD41426509500BEC017 /* default_venue_64.png */; };
/* End PBXBuildFile section */

/* Begin PBXFileReference section */
		5CF3C0C6142556250009FE9F /* Foursquare2.h */ = {isa = PBXFileReference; fileEncoding = 4; lastKnownFileType = sourcecode.c.h; path = Foursquare2.h; sourceTree = "<group>"; };
		5CF3C0C7142556250009FE9F /* Foursquare2.m */ = {isa = PBXFileReference; fileEncoding = 4; lastKnownFileType = sourcecode.c.objc; path = Foursquare2.m; sourceTree = "<group>"; };
		5CF3C0C8142556250009FE9F /* FoursquareCheckinList.h */ = {isa = PBXFileReference; fileEncoding = 4; lastKnownFileType = sourcecode.c.h; path = FoursquareCheckinList.h; sourceTree = "<group>"; };
		5CF3C0C9142556250009FE9F /* FoursquareCheckinList.m */ = {isa = PBXFileReference; fileEncoding = 4; lastKnownFileType = sourcecode.c.objc; path = FoursquareCheckinList.m; sourceTree = "<group>"; };
		5CF3C0CA142556250009FE9F /* FoursquareListDialog.h */ = {isa = PBXFileReference; fileEncoding = 4; lastKnownFileType = sourcecode.c.h; path = FoursquareListDialog.h; sourceTree = "<group>"; };
		5CF3C0CB142556250009FE9F /* FoursquareListDialog.m */ = {isa = PBXFileReference; fileEncoding = 4; lastKnownFileType = sourcecode.c.objc; path = FoursquareListDialog.m; sourceTree = "<group>"; };
		5CF3C0CC142556250009FE9F /* FoursquareShoutList.h */ = {isa = PBXFileReference; fileEncoding = 4; lastKnownFileType = sourcecode.c.h; path = FoursquareShoutList.h; sourceTree = "<group>"; };
		5CF3C0CD142556250009FE9F /* FoursquareShoutList.m */ = {isa = PBXFileReference; fileEncoding = 4; lastKnownFileType = sourcecode.c.objc; path = FoursquareShoutList.m; sourceTree = "<group>"; };
		5CF3C0CE142556250009FE9F /* FoursquareWebLogin.h */ = {isa = PBXFileReference; fileEncoding = 4; lastKnownFileType = sourcecode.c.h; path = FoursquareWebLogin.h; sourceTree = "<group>"; };
		5CF3C0CF142556250009FE9F /* FoursquareWebLogin.m */ = {isa = PBXFileReference; fileEncoding = 4; lastKnownFileType = sourcecode.c.objc; path = FoursquareWebLogin.m; sourceTree = "<group>"; };
		5CF3C0D0142556250009FE9F /* FSRoundedRectView.h */ = {isa = PBXFileReference; fileEncoding = 4; lastKnownFileType = sourcecode.c.h; path = FSRoundedRectView.h; sourceTree = "<group>"; };
		5CF3C0D1142556250009FE9F /* FSRoundedRectView.m */ = {isa = PBXFileReference; fileEncoding = 4; lastKnownFileType = sourcecode.c.objc; path = FSRoundedRectView.m; sourceTree = "<group>"; };
		5CF3C0D2142556250009FE9F /* GlossyButton.h */ = {isa = PBXFileReference; fileEncoding = 4; lastKnownFileType = sourcecode.c.h; path = GlossyButton.h; sourceTree = "<group>"; };
		5CF3C0D3142556250009FE9F /* GlossyButton.m */ = {isa = PBXFileReference; fileEncoding = 4; lastKnownFileType = sourcecode.c.objc; path = GlossyButton.m; sourceTree = "<group>"; };
		5CF3C0D5142556250009FE9F /* HRRequest+PhotoExt.h */ = {isa = PBXFileReference; fileEncoding = 4; lastKnownFileType = sourcecode.c.h; path = "HRRequest+PhotoExt.h"; sourceTree = "<group>"; };
		5CF3C0D6142556250009FE9F /* HRRequest+PhotoExt.m */ = {isa = PBXFileReference; fileEncoding = 4; lastKnownFileType = sourcecode.c.objc; path = "HRRequest+PhotoExt.m"; sourceTree = "<group>"; };
		5CF3C0D9142556250009FE9F /* NSDictionary+ParamUtils.h */ = {isa = PBXFileReference; fileEncoding = 4; lastKnownFileType = sourcecode.c.h; path = "NSDictionary+ParamUtils.h"; sourceTree = "<group>"; };
		5CF3C0DA142556250009FE9F /* NSDictionary+ParamUtils.m */ = {isa = PBXFileReference; fileEncoding = 4; lastKnownFileType = sourcecode.c.objc; path = "NSDictionary+ParamUtils.m"; sourceTree = "<group>"; };
		5CF3C0DB142556250009FE9F /* NSObject+InvocationUtils.h */ = {isa = PBXFileReference; fileEncoding = 4; lastKnownFileType = sourcecode.c.h; path = "NSObject+InvocationUtils.h"; sourceTree = "<group>"; };
		5CF3C0DC142556250009FE9F /* NSObject+InvocationUtils.m */ = {isa = PBXFileReference; fileEncoding = 4; lastKnownFileType = sourcecode.c.objc; path = "NSObject+InvocationUtils.m"; sourceTree = "<group>"; };
		5CF3C0DD142556250009FE9F /* NSString+EscapingUtils.h */ = {isa = PBXFileReference; fileEncoding = 4; lastKnownFileType = sourcecode.c.h; path = "NSString+EscapingUtils.h"; sourceTree = "<group>"; };
		5CF3C0DE142556250009FE9F /* NSString+EscapingUtils.m */ = {isa = PBXFileReference; fileEncoding = 4; lastKnownFileType = sourcecode.c.objc; path = "NSString+EscapingUtils.m"; sourceTree = "<group>"; };
		5CF3C0E0142556250009FE9F /* HRFormatJSON.h */ = {isa = PBXFileReference; fileEncoding = 4; lastKnownFileType = sourcecode.c.h; path = HRFormatJSON.h; sourceTree = "<group>"; };
		5CF3C0E1142556250009FE9F /* HRFormatJSON.m */ = {isa = PBXFileReference; fileEncoding = 4; lastKnownFileType = sourcecode.c.objc; path = HRFormatJSON.m; sourceTree = "<group>"; };
		5CF3C0E2142556250009FE9F /* HRFormatterProtocol.h */ = {isa = PBXFileReference; fileEncoding = 4; lastKnownFileType = sourcecode.c.h; path = HRFormatterProtocol.h; sourceTree = "<group>"; };
		5CF3C0E3142556250009FE9F /* HRGlobal.h */ = {isa = PBXFileReference; fileEncoding = 4; lastKnownFileType = sourcecode.c.h; path = HRGlobal.h; sourceTree = "<group>"; };
		5CF3C0E4142556250009FE9F /* HRGlobal.m */ = {isa = PBXFileReference; fileEncoding = 4; lastKnownFileType = sourcecode.c.objc; path = HRGlobal.m; sourceTree = "<group>"; };
		5CF3C0E5142556250009FE9F /* HROperationQueue.h */ = {isa = PBXFileReference; fileEncoding = 4; lastKnownFileType = sourcecode.c.h; path = HROperationQueue.h; sourceTree = "<group>"; };
		5CF3C0E6142556250009FE9F /* HROperationQueue.m */ = {isa = PBXFileReference; fileEncoding = 4; lastKnownFileType = sourcecode.c.objc; path = HROperationQueue.m; sourceTree = "<group>"; };
		5CF3C0E7142556250009FE9F /* HRRequestOperation.h */ = {isa = PBXFileReference; fileEncoding = 4; lastKnownFileType = sourcecode.c.h; path = HRRequestOperation.h; sourceTree = "<group>"; };
		5CF3C0E8142556250009FE9F /* HRRequestOperation.m */ = {isa = PBXFileReference; fileEncoding = 4; lastKnownFileType = sourcecode.c.objc; path = HRRequestOperation.m; sourceTree = "<group>"; };
		5CF3C0E9142556250009FE9F /* HRResponseDelegate.h */ = {isa = PBXFileReference; fileEncoding = 4; lastKnownFileType = sourcecode.c.h; path = HRResponseDelegate.h; sourceTree = "<group>"; };
		5CF3C0EA142556250009FE9F /* HRRestModel.h */ = {isa = PBXFileReference; fileEncoding = 4; lastKnownFileType = sourcecode.c.h; path = HRRestModel.h; sourceTree = "<group>"; };
		5CF3C0EB142556250009FE9F /* HRRestModel.m */ = {isa = PBXFileReference; fileEncoding = 4; lastKnownFileType = sourcecode.c.objc; path = HRRestModel.m; sourceTree = "<group>"; };
		5CF3C0EC142556250009FE9F /* HTTPRiot.h */ = {isa = PBXFileReference; fileEncoding = 4; lastKnownFileType = sourcecode.c.h; path = HTTPRiot.h; sourceTree = "<group>"; };
		5CF3C0ED142556250009FE9F /* HTTPRiot_Prefix.pch */ = {isa = PBXFileReference; fileEncoding = 4; lastKnownFileType = sourcecode.c.h; path = HTTPRiot_Prefix.pch; sourceTree = "<group>"; };
		5CF3C0EF142556250009FE9F /* HRBase64.h */ = {isa = PBXFileReference; fileEncoding = 4; lastKnownFileType = sourcecode.c.h; path = HRBase64.h; sourceTree = "<group>"; };
		5CF3C0F0142556250009FE9F /* HRBase64.m */ = {isa = PBXFileReference; fileEncoding = 4; lastKnownFileType = sourcecode.c.objc; path = HRBase64.m; sourceTree = "<group>"; };
		5CF3C0F4142556250009FE9F /* CREDITS */ = {isa = PBXFileReference; fileEncoding = 4; lastKnownFileType = text; path = CREDITS; sourceTree = "<group>"; };
		5CF3C0F5142556250009FE9F /* JSON.h */ = {isa = PBXFileReference; fileEncoding = 4; lastKnownFileType = sourcecode.c.h; path = JSON.h; sourceTree = "<group>"; };
		5CF3C0F6142556250009FE9F /* NSObject+SBJSON.h */ = {isa = PBXFileReference; fileEncoding = 4; lastKnownFileType = sourcecode.c.h; path = "NSObject+SBJSON.h"; sourceTree = "<group>"; };
		5CF3C0F7142556250009FE9F /* NSObject+SBJSON.m */ = {isa = PBXFileReference; fileEncoding = 4; lastKnownFileType = sourcecode.c.objc; path = "NSObject+SBJSON.m"; sourceTree = "<group>"; };
		5CF3C0F8142556250009FE9F /* NSString+SBJSON.h */ = {isa = PBXFileReference; fileEncoding = 4; lastKnownFileType = sourcecode.c.h; path = "NSString+SBJSON.h"; sourceTree = "<group>"; };
		5CF3C0F9142556250009FE9F /* NSString+SBJSON.m */ = {isa = PBXFileReference; fileEncoding = 4; lastKnownFileType = sourcecode.c.objc; path = "NSString+SBJSON.m"; sourceTree = "<group>"; };
		5CF3C0FA142556250009FE9F /* SBJSON.h */ = {isa = PBXFileReference; fileEncoding = 4; lastKnownFileType = sourcecode.c.h; path = SBJSON.h; sourceTree = "<group>"; };
		5CF3C0FB142556250009FE9F /* SBJSON.m */ = {isa = PBXFileReference; fileEncoding = 4; lastKnownFileType = sourcecode.c.objc; path = SBJSON.m; sourceTree = "<group>"; };
		5CF3C0FC142556250009FE9F /* SBJsonBase.h */ = {isa = PBXFileReference; fileEncoding = 4; lastKnownFileType = sourcecode.c.h; path = SBJsonBase.h; sourceTree = "<group>"; };
		5CF3C0FD142556250009FE9F /* SBJsonBase.m */ = {isa = PBXFileReference; fileEncoding = 4; lastKnownFileType = sourcecode.c.objc; path = SBJsonBase.m; sourceTree = "<group>"; };
		5CF3C0FE142556250009FE9F /* SBJsonParser.h */ = {isa = PBXFileReference; fileEncoding = 4; lastKnownFileType = sourcecode.c.h; path = SBJsonParser.h; sourceTree = "<group>"; };
		5CF3C0FF142556250009FE9F /* SBJsonParser.m */ = {isa = PBXFileReference; fileEncoding = 4; lastKnownFileType = sourcecode.c.objc; path = SBJsonParser.m; sourceTree = "<group>"; };
		5CF3C100142556250009FE9F /* SBJsonWriter.h */ = {isa = PBXFileReference; fileEncoding = 4; lastKnownFileType = sourcecode.c.h; path = SBJsonWriter.h; sourceTree = "<group>"; };
		5CF3C101142556250009FE9F /* SBJsonWriter.m */ = {isa = PBXFileReference; fileEncoding = 4; lastKnownFileType = sourcecode.c.objc; path = SBJsonWriter.m; sourceTree = "<group>"; };
		5CF3C103142556250009FE9F /* PhotoFormatter.h */ = {isa = PBXFileReference; fileEncoding = 4; lastKnownFileType = sourcecode.c.h; path = PhotoFormatter.h; sourceTree = "<group>"; };
		5CF3C104142556250009FE9F /* PhotoFormatter.m */ = {isa = PBXFileReference; fileEncoding = 4; lastKnownFileType = sourcecode.c.objc; path = PhotoFormatter.m; sourceTree = "<group>"; };
		5CF3C11F142556550009FE9F /* CoreLocation.framework */ = {isa = PBXFileReference; lastKnownFileType = wrapper.framework; name = CoreLocation.framework; path = System/Library/Frameworks/CoreLocation.framework; sourceTree = SDKROOT; };
		5CF3C121142556AF0009FE9F /* FoursquareConfig.plist */ = {isa = PBXFileReference; fileEncoding = 4; lastKnownFileType = text.plist.xml; path = FoursquareConfig.plist; sourceTree = "<group>"; };
		5CF3C122142556AF0009FE9F /* PlayerStatus.h */ = {isa = PBXFileReference; fileEncoding = 4; lastKnownFileType = sourcecode.c.h; path = PlayerStatus.h; sourceTree = "<group>"; };
		5CF3C123142556AF0009FE9F /* PlayerStatus.m */ = {isa = PBXFileReference; fileEncoding = 4; lastKnownFileType = sourcecode.c.objc; path = PlayerStatus.m; sourceTree = "<group>"; };
		D621A3BE142531D0002B9294 /* StatusViewController.h */ = {isa = PBXFileReference; fileEncoding = 4; lastKnownFileType = sourcecode.c.h; path = StatusViewController.h; sourceTree = "<group>"; };
		D621A3BF142531D0002B9294 /* StatusViewController.m */ = {isa = PBXFileReference; fileEncoding = 4; lastKnownFileType = sourcecode.c.objc; path = StatusViewController.m; sourceTree = "<group>"; };
		D621A3C0142531D0002B9294 /* StatusViewController.xib */ = {isa = PBXFileReference; fileEncoding = 4; lastKnownFileType = file.xib; path = StatusViewController.xib; sourceTree = "<group>"; };
		D6A409A51425198900F05553 /* Check-in or Die.app */ = {isa = PBXFileReference; explicitFileType = wrapper.application; includeInIndex = 0; path = "Check-in or Die.app"; sourceTree = BUILT_PRODUCTS_DIR; };
		D6A409A91425198900F05553 /* UIKit.framework */ = {isa = PBXFileReference; lastKnownFileType = wrapper.framework; name = UIKit.framework; path = System/Library/Frameworks/UIKit.framework; sourceTree = SDKROOT; };
		D6A409AB1425198900F05553 /* Foundation.framework */ = {isa = PBXFileReference; lastKnownFileType = wrapper.framework; name = Foundation.framework; path = System/Library/Frameworks/Foundation.framework; sourceTree = SDKROOT; };
		D6A409AD1425198900F05553 /* CoreGraphics.framework */ = {isa = PBXFileReference; lastKnownFileType = wrapper.framework; name = CoreGraphics.framework; path = System/Library/Frameworks/CoreGraphics.framework; sourceTree = SDKROOT; };
		D6A409B11425198900F05553 /* HMTEK24-Info.plist */ = {isa = PBXFileReference; lastKnownFileType = text.plist.xml; path = "HMTEK24-Info.plist"; sourceTree = "<group>"; };
		D6A409B31425198900F05553 /* en */ = {isa = PBXFileReference; lastKnownFileType = text.plist.strings; name = en; path = en.lproj/InfoPlist.strings; sourceTree = "<group>"; };
		D6A409B51425198900F05553 /* main.m */ = {isa = PBXFileReference; lastKnownFileType = sourcecode.c.objc; path = main.m; sourceTree = "<group>"; };
		D6A409B71425198900F05553 /* HMTEK24-Prefix.pch */ = {isa = PBXFileReference; lastKnownFileType = sourcecode.c.h; path = "HMTEK24-Prefix.pch"; sourceTree = "<group>"; };
		D6A409B81425198900F05553 /* HMTEK24AppDelegate.h */ = {isa = PBXFileReference; lastKnownFileType = sourcecode.c.h; path = HMTEK24AppDelegate.h; sourceTree = "<group>"; };
		D6A409B91425198900F05553 /* HMTEK24AppDelegate.m */ = {isa = PBXFileReference; lastKnownFileType = sourcecode.c.objc; path = HMTEK24AppDelegate.m; sourceTree = "<group>"; };
		D6A409BC1425198900F05553 /* en */ = {isa = PBXFileReference; lastKnownFileType = file.xib; name = en; path = en.lproj/MainWindow.xib; sourceTree = "<group>"; };
		D6A409BE1425198900F05553 /* HMTEK24ViewController.h */ = {isa = PBXFileReference; lastKnownFileType = sourcecode.c.h; path = HMTEK24ViewController.h; sourceTree = "<group>"; };
		D6A409BF1425198900F05553 /* HMTEK24ViewController.m */ = {isa = PBXFileReference; lastKnownFileType = sourcecode.c.objc; path = HMTEK24ViewController.m; sourceTree = "<group>"; };
		D6A409C21425198900F05553 /* en */ = {isa = PBXFileReference; lastKnownFileType = file.xib; name = en; path = en.lproj/HMTEK24ViewController.xib; sourceTree = "<group>"; };
		D6BDB9A9142698190052F92A /* Zombie.png */ = {isa = PBXFileReference; lastKnownFileType = image.png; path = Zombie.png; sourceTree = "<group>"; };
		D6BDB9AC142699890052F92A /* InfoBox_Newspaper.png */ = {isa = PBXFileReference; lastKnownFileType = image.png; path = InfoBox_Newspaper.png; sourceTree = "<group>"; };
		D6BDB9B01426A4750052F92A /* Icon.png */ = {isa = PBXFileReference; lastKnownFileType = image.png; path = Icon.png; sourceTree = "<group>"; };
		D6BDB9B21426A4A20052F92A /* Icon_57x57.png */ = {isa = PBXFileReference; lastKnownFileType = image.png; path = Icon_57x57.png; sourceTree = "<group>"; };
		D6E369711425586700C1D7D1 /* Layer_1_Normal.png */ = {isa = PBXFileReference; lastKnownFileType = image.png; path = Layer_1_Normal.png; sourceTree = "<group>"; };
		D6E369721425586700C1D7D1 /* Layer_2.png */ = {isa = PBXFileReference; lastKnownFileType = image.png; path = Layer_2.png; sourceTree = "<group>"; };
		D6E369731425586700C1D7D1 /* Layer_3.png */ = {isa = PBXFileReference; lastKnownFileType = image.png; path = Layer_3.png; sourceTree = "<group>"; };
		D6E369741425586700C1D7D1 /* Layer_4_Zombie.png */ = {isa = PBXFileReference; lastKnownFileType = image.png; path = Layer_4_Zombie.png; sourceTree = "<group>"; };
		D6E369751425586700C1D7D1 /* UI_Human.png */ = {isa = PBXFileReference; lastKnownFileType = image.png; path = UI_Human.png; sourceTree = "<group>"; };
		D6E369761425586700C1D7D1 /* UI_Zombie.png */ = {isa = PBXFileReference; lastKnownFileType = image.png; path = UI_Zombie.png; sourceTree = "<group>"; };
		D6E3698214255E9900C1D7D1 /* PRISTINA.TTF */ = {isa = PBXFileReference; lastKnownFileType = file; path = PRISTINA.TTF; sourceTree = "<group>"; };
		D6E369881425619A00C1D7D1 /* FontLabel.h */ = {isa = PBXFileReference; fileEncoding = 4; lastKnownFileType = sourcecode.c.h; path = FontLabel.h; sourceTree = "<group>"; };
		D6E369891425619A00C1D7D1 /* FontLabel.m */ = {isa = PBXFileReference; fileEncoding = 4; lastKnownFileType = sourcecode.c.objc; path = FontLabel.m; sourceTree = "<group>"; };
		D6E3698A1425619A00C1D7D1 /* FontLabelStringDrawing.h */ = {isa = PBXFileReference; fileEncoding = 4; lastKnownFileType = sourcecode.c.h; path = FontLabelStringDrawing.h; sourceTree = "<group>"; };
		D6E3698B1425619A00C1D7D1 /* FontLabelStringDrawing.m */ = {isa = PBXFileReference; fileEncoding = 4; lastKnownFileType = sourcecode.c.objc; path = FontLabelStringDrawing.m; sourceTree = "<group>"; };
		D6E3698C1425619A00C1D7D1 /* FontManager.h */ = {isa = PBXFileReference; fileEncoding = 4; lastKnownFileType = sourcecode.c.h; path = FontManager.h; sourceTree = "<group>"; };
		D6E3698D1425619A00C1D7D1 /* FontManager.m */ = {isa = PBXFileReference; fileEncoding = 4; lastKnownFileType = sourcecode.c.objc; path = FontManager.m; sourceTree = "<group>"; };
		D6E3698E1425619A00C1D7D1 /* ZAttributedString.h */ = {isa = PBXFileReference; fileEncoding = 4; lastKnownFileType = sourcecode.c.h; path = ZAttributedString.h; sourceTree = "<group>"; };
		D6E3698F1425619A00C1D7D1 /* ZAttributedString.m */ = {isa = PBXFileReference; fileEncoding = 4; lastKnownFileType = sourcecode.c.objc; path = ZAttributedString.m; sourceTree = "<group>"; };
		D6E369901425619A00C1D7D1 /* ZAttributedStringPrivate.h */ = {isa = PBXFileReference; fileEncoding = 4; lastKnownFileType = sourcecode.c.h; path = ZAttributedStringPrivate.h; sourceTree = "<group>"; };
		D6E369911425619A00C1D7D1 /* ZFont.h */ = {isa = PBXFileReference; fileEncoding = 4; lastKnownFileType = sourcecode.c.h; path = ZFont.h; sourceTree = "<group>"; };
		D6E369921425619A00C1D7D1 /* ZFont.m */ = {isa = PBXFileReference; fileEncoding = 4; lastKnownFileType = sourcecode.c.objc; path = ZFont.m; sourceTree = "<group>"; };
		D6E369991425781C00C1D7D1 /* ButtonZombie_Up.png */ = {isa = PBXFileReference; lastKnownFileType = image.png; path = ButtonZombie_Up.png; sourceTree = "<group>"; };
		D6E3699A1425781D00C1D7D1 /* ButtonAlive_Down.png */ = {isa = PBXFileReference; lastKnownFileType = image.png; path = ButtonAlive_Down.png; sourceTree = "<group>"; };
		D6E3699B1425781D00C1D7D1 /* ButtonAlive_Up.png */ = {isa = PBXFileReference; lastKnownFileType = image.png; path = ButtonAlive_Up.png; sourceTree = "<group>"; };
		D6E369A0142578CE00C1D7D1 /* ButtonZombie_Down.png */ = {isa = PBXFileReference; lastKnownFileType = image.png; path = ButtonZombie_Down.png; sourceTree = "<group>"; };
		D6ECFBD41426509500BEC017 /* default_venue_64.png */ = {isa = PBXFileReference; lastKnownFileType = image.png; path = default_venue_64.png; sourceTree = "<group>"; };
/* End PBXFileReference section */

/* Begin PBXFrameworksBuildPhase section */
		D6A409A21425198900F05553 /* Frameworks */ = {
			isa = PBXFrameworksBuildPhase;
			buildActionMask = 2147483647;
			files = (
				5CF3C120142556550009FE9F /* CoreLocation.framework in Frameworks */,
				D6A409AA1425198900F05553 /* UIKit.framework in Frameworks */,
				D6A409AC1425198900F05553 /* Foundation.framework in Frameworks */,
				D6A409AE1425198900F05553 /* CoreGraphics.framework in Frameworks */,
			);
			runOnlyForDeploymentPostprocessing = 0;
		};
/* End PBXFrameworksBuildPhase section */

/* Begin PBXGroup section */
		5CF3C0C5142556250009FE9F /* Foursquare */ = {
			isa = PBXGroup;
			children = (
				5CF3C0C6142556250009FE9F /* Foursquare2.h */,
				5CF3C0C7142556250009FE9F /* Foursquare2.m */,
				5CF3C0C8142556250009FE9F /* FoursquareCheckinList.h */,
				5CF3C0C9142556250009FE9F /* FoursquareCheckinList.m */,
				5CF3C0CA142556250009FE9F /* FoursquareListDialog.h */,
				5CF3C0CB142556250009FE9F /* FoursquareListDialog.m */,
				5CF3C0CC142556250009FE9F /* FoursquareShoutList.h */,
				5CF3C0CD142556250009FE9F /* FoursquareShoutList.m */,
				5CF3C0CE142556250009FE9F /* FoursquareWebLogin.h */,
				5CF3C0CF142556250009FE9F /* FoursquareWebLogin.m */,
				5CF3C0D0142556250009FE9F /* FSRoundedRectView.h */,
				5CF3C0D1142556250009FE9F /* FSRoundedRectView.m */,
				5CF3C0D2142556250009FE9F /* GlossyButton.h */,
				5CF3C0D3142556250009FE9F /* GlossyButton.m */,
			);
			path = Foursquare;
			sourceTree = "<group>";
		};
		5CF3C0D4142556250009FE9F /* HRExt */ = {
			isa = PBXGroup;
			children = (
				5CF3C0D5142556250009FE9F /* HRRequest+PhotoExt.h */,
				5CF3C0D6142556250009FE9F /* HRRequest+PhotoExt.m */,
				5CF3C0D7142556250009FE9F /* HTTPRiot */,
				5CF3C103142556250009FE9F /* PhotoFormatter.h */,
				5CF3C104142556250009FE9F /* PhotoFormatter.m */,
			);
			path = HRExt;
			sourceTree = "<group>";
		};
		5CF3C0D7142556250009FE9F /* HTTPRiot */ = {
			isa = PBXGroup;
			children = (
				5CF3C0D8142556250009FE9F /* Extensions */,
				5CF3C0DF142556250009FE9F /* Formatters */,
				5CF3C0E3142556250009FE9F /* HRGlobal.h */,
				5CF3C0E4142556250009FE9F /* HRGlobal.m */,
				5CF3C0E5142556250009FE9F /* HROperationQueue.h */,
				5CF3C0E6142556250009FE9F /* HROperationQueue.m */,
				5CF3C0E7142556250009FE9F /* HRRequestOperation.h */,
				5CF3C0E8142556250009FE9F /* HRRequestOperation.m */,
				5CF3C0E9142556250009FE9F /* HRResponseDelegate.h */,
				5CF3C0EA142556250009FE9F /* HRRestModel.h */,
				5CF3C0EB142556250009FE9F /* HRRestModel.m */,
				5CF3C0EC142556250009FE9F /* HTTPRiot.h */,
				5CF3C0ED142556250009FE9F /* HTTPRiot_Prefix.pch */,
				5CF3C0EE142556250009FE9F /* Utilities */,
				5CF3C0F1142556250009FE9F /* Vendor */,
			);
			path = HTTPRiot;
			sourceTree = "<group>";
		};
		5CF3C0D8142556250009FE9F /* Extensions */ = {
			isa = PBXGroup;
			children = (
				5CF3C0D9142556250009FE9F /* NSDictionary+ParamUtils.h */,
				5CF3C0DA142556250009FE9F /* NSDictionary+ParamUtils.m */,
				5CF3C0DB142556250009FE9F /* NSObject+InvocationUtils.h */,
				5CF3C0DC142556250009FE9F /* NSObject+InvocationUtils.m */,
				5CF3C0DD142556250009FE9F /* NSString+EscapingUtils.h */,
				5CF3C0DE142556250009FE9F /* NSString+EscapingUtils.m */,
			);
			path = Extensions;
			sourceTree = "<group>";
		};
		5CF3C0DF142556250009FE9F /* Formatters */ = {
			isa = PBXGroup;
			children = (
				5CF3C0E0142556250009FE9F /* HRFormatJSON.h */,
				5CF3C0E1142556250009FE9F /* HRFormatJSON.m */,
				5CF3C0E2142556250009FE9F /* HRFormatterProtocol.h */,
			);
			path = Formatters;
			sourceTree = "<group>";
		};
		5CF3C0EE142556250009FE9F /* Utilities */ = {
			isa = PBXGroup;
			children = (
				5CF3C0EF142556250009FE9F /* HRBase64.h */,
				5CF3C0F0142556250009FE9F /* HRBase64.m */,
			);
			path = Utilities;
			sourceTree = "<group>";
		};
		5CF3C0F1142556250009FE9F /* Vendor */ = {
			isa = PBXGroup;
			children = (
				5CF3C0F2142556250009FE9F /* AIXMLSerialization */,
				5CF3C0F3142556250009FE9F /* JSON */,
				5CF3C102142556250009FE9F /* KissXML */,
			);
			path = Vendor;
			sourceTree = "<group>";
		};
		5CF3C0F2142556250009FE9F /* AIXMLSerialization */ = {
			isa = PBXGroup;
			children = (
			);
			path = AIXMLSerialization;
			sourceTree = "<group>";
		};
		5CF3C0F3142556250009FE9F /* JSON */ = {
			isa = PBXGroup;
			children = (
				5CF3C0F4142556250009FE9F /* CREDITS */,
				5CF3C0F5142556250009FE9F /* JSON.h */,
				5CF3C0F6142556250009FE9F /* NSObject+SBJSON.h */,
				5CF3C0F7142556250009FE9F /* NSObject+SBJSON.m */,
				5CF3C0F8142556250009FE9F /* NSString+SBJSON.h */,
				5CF3C0F9142556250009FE9F /* NSString+SBJSON.m */,
				5CF3C0FA142556250009FE9F /* SBJSON.h */,
				5CF3C0FB142556250009FE9F /* SBJSON.m */,
				5CF3C0FC142556250009FE9F /* SBJsonBase.h */,
				5CF3C0FD142556250009FE9F /* SBJsonBase.m */,
				5CF3C0FE142556250009FE9F /* SBJsonParser.h */,
				5CF3C0FF142556250009FE9F /* SBJsonParser.m */,
				5CF3C100142556250009FE9F /* SBJsonWriter.h */,
				5CF3C101142556250009FE9F /* SBJsonWriter.m */,
			);
			path = JSON;
			sourceTree = "<group>";
		};
		5CF3C102142556250009FE9F /* KissXML */ = {
			isa = PBXGroup;
			children = (
			);
			path = KissXML;
			sourceTree = "<group>";
		};
		D6A4099A1425198900F05553 = {
			isa = PBXGroup;
			children = (
				D6BDB9B21426A4A20052F92A /* Icon_57x57.png */,
				D6BDB9B01426A4750052F92A /* Icon.png */,
				5CF3C11F142556550009FE9F /* CoreLocation.framework */,
				5CF3C0C5142556250009FE9F /* Foursquare */,
				5CF3C0D4142556250009FE9F /* HRExt */,
				D6A409AF1425198900F05553 /* HMTEK24 */,
				D6A409A81425198900F05553 /* Frameworks */,
				D6A409A61425198900F05553 /* Products */,
			);
			sourceTree = "<group>";
		};
		D6A409A61425198900F05553 /* Products */ = {
			isa = PBXGroup;
			children = (
				D6A409A51425198900F05553 /* Check-in or Die.app */,
			);
			name = Products;
			sourceTree = "<group>";
		};
		D6A409A81425198900F05553 /* Frameworks */ = {
			isa = PBXGroup;
			children = (
				D6A409A91425198900F05553 /* UIKit.framework */,
				D6A409AB1425198900F05553 /* Foundation.framework */,
				D6A409AD1425198900F05553 /* CoreGraphics.framework */,
			);
			name = Frameworks;
			sourceTree = "<group>";
		};
		D6A409AF1425198900F05553 /* HMTEK24 */ = {
			isa = PBXGroup;
			children = (
				D6E369871425619A00C1D7D1 /* FontLabel */,
				D6E369701425586700C1D7D1 /* Resources */,
				5CF3C121142556AF0009FE9F /* FoursquareConfig.plist */,
				5CF3C122142556AF0009FE9F /* PlayerStatus.h */,
				5CF3C123142556AF0009FE9F /* PlayerStatus.m */,
				D6A409B81425198900F05553 /* HMTEK24AppDelegate.h */,
				D6A409B91425198900F05553 /* HMTEK24AppDelegate.m */,
				D6A409BB1425198900F05553 /* MainWindow.xib */,
				D6A409BE1425198900F05553 /* HMTEK24ViewController.h */,
				D6A409BF1425198900F05553 /* HMTEK24ViewController.m */,
				D6A409C11425198900F05553 /* HMTEK24ViewController.xib */,
				D6A409B01425198900F05553 /* Supporting Files */,
				D621A3BE142531D0002B9294 /* StatusViewController.h */,
				D621A3BF142531D0002B9294 /* StatusViewController.m */,
				D621A3C0142531D0002B9294 /* StatusViewController.xib */,
			);
			path = HMTEK24;
			sourceTree = "<group>";
		};
		D6A409B01425198900F05553 /* Supporting Files */ = {
			isa = PBXGroup;
			children = (
				D6A409B11425198900F05553 /* HMTEK24-Info.plist */,
				D6A409B21425198900F05553 /* InfoPlist.strings */,
				D6A409B51425198900F05553 /* main.m */,
				D6A409B71425198900F05553 /* HMTEK24-Prefix.pch */,
			);
			name = "Supporting Files";
			sourceTree = "<group>";
		};
		D6E369701425586700C1D7D1 /* Resources */ = {
			isa = PBXGroup;
			children = (
				D6BDB9AC142699890052F92A /* InfoBox_Newspaper.png */,
				D6BDB9A9142698190052F92A /* Zombie.png */,
				D6ECFBD41426509500BEC017 /* default_venue_64.png */,
				D6E369A0142578CE00C1D7D1 /* ButtonZombie_Down.png */,
				D6E369991425781C00C1D7D1 /* ButtonZombie_Up.png */,
				D6E3699A1425781D00C1D7D1 /* ButtonAlive_Down.png */,
				D6E3699B1425781D00C1D7D1 /* ButtonAlive_Up.png */,
				D6E3698214255E9900C1D7D1 /* PRISTINA.TTF */,
				D6E369711425586700C1D7D1 /* Layer_1_Normal.png */,
				D6E369721425586700C1D7D1 /* Layer_2.png */,
				D6E369731425586700C1D7D1 /* Layer_3.png */,
				D6E369741425586700C1D7D1 /* Layer_4_Zombie.png */,
				D6E369751425586700C1D7D1 /* UI_Human.png */,
				D6E369761425586700C1D7D1 /* UI_Zombie.png */,
			);
			path = Resources;
			sourceTree = "<group>";
		};
		D6E369871425619A00C1D7D1 /* FontLabel */ = {
			isa = PBXGroup;
			children = (
				D6E369881425619A00C1D7D1 /* FontLabel.h */,
				D6E369891425619A00C1D7D1 /* FontLabel.m */,
				D6E3698A1425619A00C1D7D1 /* FontLabelStringDrawing.h */,
				D6E3698B1425619A00C1D7D1 /* FontLabelStringDrawing.m */,
				D6E3698C1425619A00C1D7D1 /* FontManager.h */,
				D6E3698D1425619A00C1D7D1 /* FontManager.m */,
				D6E3698E1425619A00C1D7D1 /* ZAttributedString.h */,
				D6E3698F1425619A00C1D7D1 /* ZAttributedString.m */,
				D6E369901425619A00C1D7D1 /* ZAttributedStringPrivate.h */,
				D6E369911425619A00C1D7D1 /* ZFont.h */,
				D6E369921425619A00C1D7D1 /* ZFont.m */,
			);
			path = FontLabel;
			sourceTree = "<group>";
		};
/* End PBXGroup section */

/* Begin PBXNativeTarget section */
		D6A409A41425198900F05553 /* HMTEK24 */ = {
			isa = PBXNativeTarget;
			buildConfigurationList = D6A409C61425198900F05553 /* Build configuration list for PBXNativeTarget "HMTEK24" */;
			buildPhases = (
				D6A409A11425198900F05553 /* Sources */,
				D6A409A21425198900F05553 /* Frameworks */,
				D6A409A31425198900F05553 /* Resources */,
			);
			buildRules = (
			);
			dependencies = (
			);
			name = HMTEK24;
			productName = HMTEK24;
			productReference = D6A409A51425198900F05553 /* Check-in or Die.app */;
			productType = "com.apple.product-type.application";
		};
/* End PBXNativeTarget section */

/* Begin PBXProject section */
		D6A4099C1425198900F05553 /* Project object */ = {
			isa = PBXProject;
			attributes = {
				ORGANIZATIONNAME = "Magmic Inc";
			};
			buildConfigurationList = D6A4099F1425198900F05553 /* Build configuration list for PBXProject "HMTEK24" */;
			compatibilityVersion = "Xcode 3.2";
			developmentRegion = English;
			hasScannedForEncodings = 0;
			knownRegions = (
				en,
			);
			mainGroup = D6A4099A1425198900F05553;
			productRefGroup = D6A409A61425198900F05553 /* Products */;
			projectDirPath = "";
			projectRoot = "";
			targets = (
				D6A409A41425198900F05553 /* HMTEK24 */,
			);
		};
/* End PBXProject section */

/* Begin PBXResourcesBuildPhase section */
		D6A409A31425198900F05553 /* Resources */ = {
			isa = PBXResourcesBuildPhase;
			buildActionMask = 2147483647;
			files = (
				D6A409B41425198900F05553 /* InfoPlist.strings in Resources */,
				D6A409BD1425198900F05553 /* MainWindow.xib in Resources */,
				D6A409C31425198900F05553 /* HMTEK24ViewController.xib in Resources */,
				D621A3C2142531D0002B9294 /* StatusViewController.xib in Resources */,
				5CF3C116142556250009FE9F /* CREDITS in Resources */,
				5CF3C124142556AF0009FE9F /* FoursquareConfig.plist in Resources */,
				D6E369771425586700C1D7D1 /* Layer_1_Normal.png in Resources */,
				D6E369781425586700C1D7D1 /* Layer_2.png in Resources */,
				D6E369791425586700C1D7D1 /* Layer_3.png in Resources */,
				D6E3697A1425586700C1D7D1 /* Layer_4_Zombie.png in Resources */,
				D6E3697B1425586700C1D7D1 /* UI_Human.png in Resources */,
				D6E3697C1425586700C1D7D1 /* UI_Zombie.png in Resources */,
				D6E3698314255E9A00C1D7D1 /* PRISTINA.TTF in Resources */,
				D6E3699D1425781D00C1D7D1 /* ButtonZombie_Up.png in Resources */,
				D6E3699E1425781D00C1D7D1 /* ButtonAlive_Down.png in Resources */,
				D6E3699F1425781D00C1D7D1 /* ButtonAlive_Up.png in Resources */,
				D6E369A1142578CF00C1D7D1 /* ButtonZombie_Down.png in Resources */,
				D6ECFBD51426509500BEC017 /* default_venue_64.png in Resources */,
				D6BDB9AA142698190052F92A /* Zombie.png in Resources */,
				D6BDB9AE142699890052F92A /* InfoBox_Newspaper.png in Resources */,
				D6BDB9B11426A4750052F92A /* Icon.png in Resources */,
				D6BDB9B31426A4A20052F92A /* Icon_57x57.png in Resources */,
			);
			runOnlyForDeploymentPostprocessing = 0;
		};
/* End PBXResourcesBuildPhase section */

/* Begin PBXSourcesBuildPhase section */
		D6A409A11425198900F05553 /* Sources */ = {
			isa = PBXSourcesBuildPhase;
			buildActionMask = 2147483647;
			files = (
				D6A409B61425198900F05553 /* main.m in Sources */,
				D6A409BA1425198900F05553 /* HMTEK24AppDelegate.m in Sources */,
				D6A409C01425198900F05553 /* HMTEK24ViewController.m in Sources */,
				D621A3C1142531D0002B9294 /* StatusViewController.m in Sources */,
				5CF3C105142556250009FE9F /* Foursquare2.m in Sources */,
				5CF3C106142556250009FE9F /* FoursquareCheckinList.m in Sources */,
				5CF3C107142556250009FE9F /* FoursquareListDialog.m in Sources */,
				5CF3C108142556250009FE9F /* FoursquareShoutList.m in Sources */,
				5CF3C109142556250009FE9F /* FoursquareWebLogin.m in Sources */,
				5CF3C10A142556250009FE9F /* FSRoundedRectView.m in Sources */,
				5CF3C10B142556250009FE9F /* GlossyButton.m in Sources */,
				5CF3C10C142556250009FE9F /* HRRequest+PhotoExt.m in Sources */,
				5CF3C10D142556250009FE9F /* NSDictionary+ParamUtils.m in Sources */,
				5CF3C10E142556250009FE9F /* NSObject+InvocationUtils.m in Sources */,
				5CF3C10F142556250009FE9F /* NSString+EscapingUtils.m in Sources */,
				5CF3C110142556250009FE9F /* HRFormatJSON.m in Sources */,
				5CF3C111142556250009FE9F /* HRGlobal.m in Sources */,
				5CF3C112142556250009FE9F /* HROperationQueue.m in Sources */,
				5CF3C113142556250009FE9F /* HRRequestOperation.m in Sources */,
				5CF3C114142556250009FE9F /* HRRestModel.m in Sources */,
				5CF3C115142556250009FE9F /* HRBase64.m in Sources */,
				5CF3C117142556250009FE9F /* NSObject+SBJSON.m in Sources */,
				5CF3C118142556250009FE9F /* NSString+SBJSON.m in Sources */,
				5CF3C119142556250009FE9F /* SBJSON.m in Sources */,
				5CF3C11A142556250009FE9F /* SBJsonBase.m in Sources */,
				5CF3C11B142556250009FE9F /* SBJsonParser.m in Sources */,
				5CF3C11C142556250009FE9F /* SBJsonWriter.m in Sources */,
				5CF3C11D142556250009FE9F /* PhotoFormatter.m in Sources */,
				5CF3C125142556AF0009FE9F /* PlayerStatus.m in Sources */,
				D6E369931425619A00C1D7D1 /* FontLabel.m in Sources */,
				D6E369941425619A00C1D7D1 /* FontLabelStringDrawing.m in Sources */,
				D6E369951425619A00C1D7D1 /* FontManager.m in Sources */,
				D6E369961425619A00C1D7D1 /* ZAttributedString.m in Sources */,
				D6E369971425619A00C1D7D1 /* ZFont.m in Sources */,
			);
			runOnlyForDeploymentPostprocessing = 0;
		};
/* End PBXSourcesBuildPhase section */

/* Begin PBXVariantGroup section */
		D6A409B21425198900F05553 /* InfoPlist.strings */ = {
			isa = PBXVariantGroup;
			children = (
				D6A409B31425198900F05553 /* en */,
			);
			name = InfoPlist.strings;
			sourceTree = "<group>";
		};
		D6A409BB1425198900F05553 /* MainWindow.xib */ = {
			isa = PBXVariantGroup;
			children = (
				D6A409BC1425198900F05553 /* en */,
			);
			name = MainWindow.xib;
			sourceTree = "<group>";
		};
		D6A409C11425198900F05553 /* HMTEK24ViewController.xib */ = {
			isa = PBXVariantGroup;
			children = (
				D6A409C21425198900F05553 /* en */,
			);
			name = HMTEK24ViewController.xib;
			sourceTree = "<group>";
		};
/* End PBXVariantGroup section */

/* Begin XCBuildConfiguration section */
		D6A409C41425198900F05553 /* Debug */ = {
			isa = XCBuildConfiguration;
			buildSettings = {
				ALWAYS_SEARCH_USER_PATHS = NO;
				ARCHS = "$(ARCHS_STANDARD_32_BIT)";
				"CODE_SIGN_IDENTITY[sdk=iphoneos*]" = "iPhone Developer";
				COPY_PHASE_STRIP = NO;
				GCC_C_LANGUAGE_STANDARD = gnu99;
				GCC_DYNAMIC_NO_PIC = NO;
				GCC_OPTIMIZATION_LEVEL = 0;
				GCC_PREPROCESSOR_DEFINITIONS = (
					"DEBUG=1",
					"$(inherited)",
				);
				GCC_SYMBOLS_PRIVATE_EXTERN = NO;
				GCC_VERSION = com.apple.compilers.llvmgcc42;
				GCC_WARN_ABOUT_MISSING_PROTOTYPES = YES;
				GCC_WARN_ABOUT_RETURN_TYPE = YES;
				GCC_WARN_UNUSED_VARIABLE = YES;
				IPHONEOS_DEPLOYMENT_TARGET = 4.3;
				SDKROOT = iphoneos;
			};
			name = Debug;
		};
		D6A409C51425198900F05553 /* Release */ = {
			isa = XCBuildConfiguration;
			buildSettings = {
				ALWAYS_SEARCH_USER_PATHS = NO;
				ARCHS = "$(ARCHS_STANDARD_32_BIT)";
				"CODE_SIGN_IDENTITY[sdk=iphoneos*]" = "iPhone Developer";
				COPY_PHASE_STRIP = YES;
				GCC_C_LANGUAGE_STANDARD = gnu99;
				GCC_VERSION = com.apple.compilers.llvmgcc42;
				GCC_WARN_ABOUT_MISSING_PROTOTYPES = YES;
				GCC_WARN_ABOUT_RETURN_TYPE = YES;
				GCC_WARN_UNUSED_VARIABLE = YES;
				IPHONEOS_DEPLOYMENT_TARGET = 4.3;
				OTHER_CFLAGS = "-DNS_BLOCK_ASSERTIONS=1";
				SDKROOT = iphoneos;
				VALIDATE_PRODUCT = YES;
			};
			name = Release;
		};
		D6A409C71425198900F05553 /* Debug */ = {
			isa = XCBuildConfiguration;
			buildSettings = {
				GCC_PRECOMPILE_PREFIX_HEADER = YES;
				GCC_PREFIX_HEADER = "HMTEK24/HMTEK24-Prefix.pch";
				GCC_VERSION = com.apple.compilers.llvm.clang.1_0;
				INFOPLIST_FILE = "HMTEK24/HMTEK24-Info.plist";
				IPHONEOS_DEPLOYMENT_TARGET = 4.0;
				PRODUCT_NAME = "Check-in or Die";
				WRAPPER_EXTENSION = app;
			};
			name = Debug;
		};
		D6A409C81425198900F05553 /* Release */ = {
			isa = XCBuildConfiguration;
			buildSettings = {
				GCC_PRECOMPILE_PREFIX_HEADER = YES;
				GCC_PREFIX_HEADER = "HMTEK24/HMTEK24-Prefix.pch";
				GCC_VERSION = com.apple.compilers.llvm.clang.1_0;
				INFOPLIST_FILE = "HMTEK24/HMTEK24-Info.plist";
				IPHONEOS_DEPLOYMENT_TARGET = 4.0;
				PRODUCT_NAME = "Check-in or Die";
				WRAPPER_EXTENSION = app;
			};
			name = Release;
		};
/* End XCBuildConfiguration section */

/* Begin XCConfigurationList section */
		D6A4099F1425198900F05553 /* Build configuration list for PBXProject "HMTEK24" */ = {
			isa = XCConfigurationList;
			buildConfigurations = (
				D6A409C41425198900F05553 /* Debug */,
				D6A409C51425198900F05553 /* Release */,
			);
			defaultConfigurationIsVisible = 0;
			defaultConfigurationName = Release;
		};
		D6A409C61425198900F05553 /* Build configuration list for PBXNativeTarget "HMTEK24" */ = {
			isa = XCConfigurationList;
			buildConfigurations = (
				D6A409C71425198900F05553 /* Debug */,
				D6A409C81425198900F05553 /* Release */,
			);
			defaultConfigurationIsVisible = 0;
			defaultConfigurationName = Release;
		};
/* End XCConfigurationList section */
	};
	rootObject = D6A4099C1425198900F05553 /* Project object */;
}
